
Microsoft Visual Studio Solution File, Format Version 12.00
Project("{FAE04EC0-301F-11D3-BF4B-00C04F79EFBC}") = "RATSP.Common", "RATSP.Common\RATSP.Common.csproj", "{FD312232-69F0-428A-8735-97FF6CCA77DE}"
EndProject
Project("{FAE04EC0-301F-11D3-BF4B-00C04F79EFBC}") = "RATSP.WebClient", "RATSP.WebClient\RATSP.WebClient.csproj", "{751F4A92-D6E7-47EF-8FF2-BFA3593FD387}"
EndProject
Project("{FAE04EC0-301F-11D3-BF4B-00C04F79EFBC}") = "RATSP.API", "RATSP.API\RATSP.API.csproj", "{3F68F8BA-3C33-4E2B-B16B-5C6BB91DD481}"
EndProject
Project("{FAE04EC0-301F-11D3-BF4B-00C04F79EFBC}") = "RATSP.WebCommon", "RATSP.WebCommon\RATSP.WebCommon.csproj", "{4A91FE15-02DD-4926-9891-51729390C81F}"
EndProject
Project("{FAE04EC0-301F-11D3-BF4B-00C04F79EFBC}") = "RATSP.GrossService", "RATSP.GrossService\RATSP.GrossService.csproj", "{BAD1ACC8-5415-4739-A348-FBE61FF54E94}"
EndProject
Project("{2150E333-8FDC-42A3-9474-1A3956D46DE8}") = "Deployment", "Deployment", "{26046798-D743-40BF-B62A-C1CABC940CE1}"
	ProjectSection(SolutionItems) = preProject
		docker-compose.yml = docker-compose.yml
	EndProjectSection
EndProject
Global
	GlobalSection(SolutionConfigurationPlatforms) = preSolution
		Debug|Any CPU = Debug|Any CPU
		Release|Any CPU = Release|Any CPU
	EndGlobalSection
	GlobalSection(ProjectConfigurationPlatforms) = postSolution
		{FD312232-69F0-428A-8735-97FF6CCA77DE}.Debug|Any CPU.ActiveCfg = Debug|Any CPU
		{FD312232-69F0-428A-8735-97FF6CCA77DE}.Debug|Any CPU.Build.0 = Debug|Any CPU
		{FD312232-69F0-428A-8735-97FF6CCA77DE}.Release|Any CPU.ActiveCfg = Release|Any CPU
		{FD312232-69F0-428A-8735-97FF6CCA77DE}.Release|Any CPU.Build.0 = Release|Any CPU
		{751F4A92-D6E7-47EF-8FF2-BFA3593FD387}.Debug|Any CPU.ActiveCfg = Debug|Any CPU
		{751F4A92-D6E7-47EF-8FF2-BFA3593FD387}.Debug|Any CPU.Build.0 = Debug|Any CPU
		{751F4A92-D6E7-47EF-8FF2-BFA3593FD387}.Release|Any CPU.ActiveCfg = Release|Any CPU
		{751F4A92-D6E7-47EF-8FF2-BFA3593FD387}.Release|Any CPU.Build.0 = Release|Any CPU
		{3F68F8BA-3C33-4E2B-B16B-5C6BB91DD481}.Debug|Any CPU.ActiveCfg = Debug|Any CPU
		{3F68F8BA-3C33-4E2B-B16B-5C6BB91DD481}.Debug|Any CPU.Build.0 = Debug|Any CPU
		{3F68F8BA-3C33-4E2B-B16B-5C6BB91DD481}.Release|Any CPU.ActiveCfg = Release|Any CPU
		{3F68F8BA-3C33-4E2B-B16B-5C6BB91DD481}.Release|Any CPU.Build.0 = Release|Any CPU
		{4A91FE15-02DD-4926-9891-51729390C81F}.Debug|Any CPU.ActiveCfg = Debug|Any CPU
		{4A91FE15-02DD-4926-9891-51729390C81F}.Debug|Any CPU.Build.0 = Debug|Any CPU
		{4A91FE15-02DD-4926-9891-51729390C81F}.Release|Any CPU.ActiveCfg = Release|Any CPU
		{4A91FE15-02DD-4926-9891-51729390C81F}.Release|Any CPU.Build.0 = Release|Any CPU
		{BAD1ACC8-5415-4739-A348-FBE61FF54E94}.Debug|Any CPU.ActiveCfg = Debug|Any CPU
		{BAD1ACC8-5415-4739-A348-FBE61FF54E94}.Debug|Any CPU.Build.0 = Debug|Any CPU
		{BAD1ACC8-5415-4739-A348-FBE61FF54E94}.Release|Any CPU.ActiveCfg = Release|Any CPU
		{BAD1ACC8-5415-4739-A348-FBE61FF54E94}.Release|Any CPU.Build.0 = Release|Any CPU
	EndGlobalSection
EndGlobal
